
Microsoft Visual Studio Solution File, Format Version 12.00
# Visual Studio Version 17
VisualStudioVersion = 17.3.32819.101
MinimumVisualStudioVersion = 10.0.40219.1
Project("{2150E333-8FDC-42A3-9474-1A3956D46DE8}") = "src", "src", "{F911A848-0397-4A99-93B8-C31390D69E15}"
EndProject
Project("{2150E333-8FDC-42A3-9474-1A3956D46DE8}") = "Core", "Core", "{1AD19557-B2D6-4F77-A1DE-197A1531DCFF}"
EndProject
Project("{2150E333-8FDC-42A3-9474-1A3956D46DE8}") = "Infrastructure", "Infrastructure", "{B2DAA73D-C1AE-4EA9-BEEA-F6515A6346D5}"
EndProject
Project("{9A19103F-16F7-4668-BE54-9A1E7A4F7556}") = "DemoBlog.Domain", "Core\DemoBlog.Domain\DemoBlog.Domain.csproj", "{A3556F02-6A94-4FF0-8F5A-1805A37B7FF8}"
EndProject
Project("{9A19103F-16F7-4668-BE54-9A1E7A4F7556}") = "DemoBlog.BlazorClient", "DemoBlog.BlazorClient\DemoBlog.BlazorClient.csproj", "{92E0C2B6-7715-4F7C-A756-94F8C2E8C7B4}"
EndProject
Project("{9A19103F-16F7-4668-BE54-9A1E7A4F7556}") = "DemoBlog.Services", "Core\DemoBlog.Services\DemoBlog.Services.csproj", "{C9469DBA-F8F1-4921-9712-BBDE1FEAB8B1}"
EndProject
Project("{9A19103F-16F7-4668-BE54-9A1E7A4F7556}") = "DemoBlog.Services.Abstraction", "Core\DemoBlog.Services.Abstraction\DemoBlog.Services.Abstraction.csproj", "{38F588EF-1124-4237-9AC4-6523A7D305DF}"
EndProject
Project("{9A19103F-16F7-4668-BE54-9A1E7A4F7556}") = "DemoBlog.Data", "Infrastructure\DemoBlog.Data\DemoBlog.Data.csproj", "{2B87195A-A7F4-486E-99FC-545F92BE80B9}"
EndProject
Project("{9A19103F-16F7-4668-BE54-9A1E7A4F7556}") = "DemoBlog.FunctionsAPI", "Infrastructure\DemoBlog.FunctionsAPI\DemoBlog.FunctionsAPI.csproj", "{91166C8F-3033-4657-B24F-3D816337B7C0}"
EndProject
Project("{FAE04EC0-301F-11D3-BF4B-00C04F79EFBC}") = "DemoBlog.Contracts", "Core\DemoBlog.Contracts\DemoBlog.Contracts.csproj", "{54B85240-01D7-4727-8F17-FCE5CFE41D13}"
EndProject
Global
	GlobalSection(SolutionConfigurationPlatforms) = preSolution
		Debug|Any CPU = Debug|Any CPU
		Release|Any CPU = Release|Any CPU
	EndGlobalSection
	GlobalSection(ProjectConfigurationPlatforms) = postSolution
		{A3556F02-6A94-4FF0-8F5A-1805A37B7FF8}.Debug|Any CPU.ActiveCfg = Debug|Any CPU
		{A3556F02-6A94-4FF0-8F5A-1805A37B7FF8}.Debug|Any CPU.Build.0 = Debug|Any CPU
		{A3556F02-6A94-4FF0-8F5A-1805A37B7FF8}.Release|Any CPU.ActiveCfg = Release|Any CPU
		{A3556F02-6A94-4FF0-8F5A-1805A37B7FF8}.Release|Any CPU.Build.0 = Release|Any CPU
		{92E0C2B6-7715-4F7C-A756-94F8C2E8C7B4}.Debug|Any CPU.ActiveCfg = Debug|Any CPU
		{92E0C2B6-7715-4F7C-A756-94F8C2E8C7B4}.Debug|Any CPU.Build.0 = Debug|Any CPU
		{92E0C2B6-7715-4F7C-A756-94F8C2E8C7B4}.Release|Any CPU.ActiveCfg = Release|Any CPU
		{92E0C2B6-7715-4F7C-A756-94F8C2E8C7B4}.Release|Any CPU.Build.0 = Release|Any CPU
		{C9469DBA-F8F1-4921-9712-BBDE1FEAB8B1}.Debug|Any CPU.ActiveCfg = Debug|Any CPU
		{C9469DBA-F8F1-4921-9712-BBDE1FEAB8B1}.Debug|Any CPU.Build.0 = Debug|Any CPU
		{C9469DBA-F8F1-4921-9712-BBDE1FEAB8B1}.Release|Any CPU.ActiveCfg = Release|Any CPU
		{C9469DBA-F8F1-4921-9712-BBDE1FEAB8B1}.Release|Any CPU.Build.0 = Release|Any CPU
		{38F588EF-1124-4237-9AC4-6523A7D305DF}.Debug|Any CPU.ActiveCfg = Debug|Any CPU
		{38F588EF-1124-4237-9AC4-6523A7D305DF}.Debug|Any CPU.Build.0 = Debug|Any CPU
		{38F588EF-1124-4237-9AC4-6523A7D305DF}.Release|Any CPU.ActiveCfg = Release|Any CPU
		{38F588EF-1124-4237-9AC4-6523A7D305DF}.Release|Any CPU.Build.0 = Release|Any CPU
		{2B87195A-A7F4-486E-99FC-545F92BE80B9}.Debug|Any CPU.ActiveCfg = Debug|Any CPU
		{2B87195A-A7F4-486E-99FC-545F92BE80B9}.Debug|Any CPU.Build.0 = Debug|Any CPU
		{2B87195A-A7F4-486E-99FC-545F92BE80B9}.Release|Any CPU.ActiveCfg = Release|Any CPU
		{2B87195A-A7F4-486E-99FC-545F92BE80B9}.Release|Any CPU.Build.0 = Release|Any CPU
		{91166C8F-3033-4657-B24F-3D816337B7C0}.Debug|Any CPU.ActiveCfg = Debug|Any CPU
		{91166C8F-3033-4657-B24F-3D816337B7C0}.Debug|Any CPU.Build.0 = Debug|Any CPU
		{91166C8F-3033-4657-B24F-3D816337B7C0}.Release|Any CPU.ActiveCfg = Release|Any CPU
		{91166C8F-3033-4657-B24F-3D816337B7C0}.Release|Any CPU.Build.0 = Release|Any CPU
		{54B85240-01D7-4727-8F17-FCE5CFE41D13}.Debug|Any CPU.ActiveCfg = Debug|Any CPU
		{54B85240-01D7-4727-8F17-FCE5CFE41D13}.Debug|Any CPU.Build.0 = Debug|Any CPU
		{54B85240-01D7-4727-8F17-FCE5CFE41D13}.Release|Any CPU.ActiveCfg = Release|Any CPU
		{54B85240-01D7-4727-8F17-FCE5CFE41D13}.Release|Any CPU.Build.0 = Release|Any CPU
	EndGlobalSection
	GlobalSection(SolutionProperties) = preSolution
		HideSolutionNode = FALSE
	EndGlobalSection
	GlobalSection(NestedProjects) = preSolution
		{1AD19557-B2D6-4F77-A1DE-197A1531DCFF} = {F911A848-0397-4A99-93B8-C31390D69E15}
		{B2DAA73D-C1AE-4EA9-BEEA-F6515A6346D5} = {F911A848-0397-4A99-93B8-C31390D69E15}
		{A3556F02-6A94-4FF0-8F5A-1805A37B7FF8} = {1AD19557-B2D6-4F77-A1DE-197A1531DCFF}
		{92E0C2B6-7715-4F7C-A756-94F8C2E8C7B4} = {F911A848-0397-4A99-93B8-C31390D69E15}
		{C9469DBA-F8F1-4921-9712-BBDE1FEAB8B1} = {1AD19557-B2D6-4F77-A1DE-197A1531DCFF}
		{38F588EF-1124-4237-9AC4-6523A7D305DF} = {1AD19557-B2D6-4F77-A1DE-197A1531DCFF}
		{2B87195A-A7F4-486E-99FC-545F92BE80B9} = {B2DAA73D-C1AE-4EA9-BEEA-F6515A6346D5}
		{91166C8F-3033-4657-B24F-3D816337B7C0} = {B2DAA73D-C1AE-4EA9-BEEA-F6515A6346D5}
		{54B85240-01D7-4727-8F17-FCE5CFE41D13} = {1AD19557-B2D6-4F77-A1DE-197A1531DCFF}
	EndGlobalSection
	GlobalSection(ExtensibilityGlobals) = postSolution
		SolutionGuid = {EBF2C6D2-88AF-4D55-A462-01AFCE71862E}
	EndGlobalSection
EndGlobal
